
Microsoft Visual Studio Solution File, Format Version 12.00
# Visual Studio Version 16
VisualStudioVersion = 16.0.37027.11
MinimumVisualStudioVersion = 10.0.40219.1
Project("{FAE04EC0-301F-11D3-BF4B-00C04F79EFBC}") = "Bai_16", "Bai_16\Bai_16.csproj", "{8ADAEC4E-85F6-4E07-AEFA-6357943868C8}"
EndProject
Global
	GlobalSection(SolutionConfigurationPlatforms) = preSolution
		Debug|Any CPU = Debug|Any CPU
		Release|Any CPU = Release|Any CPU
	EndGlobalSection
	GlobalSection(ProjectConfigurationPlatforms) = postSolution
		{8ADAEC4E-85F6-4E07-AEFA-6357943868C8}.Debug|Any CPU.ActiveCfg = Debug|Any CPU
		{8ADAEC4E-85F6-4E07-AEFA-6357943868C8}.Debug|Any CPU.Build.0 = Debug|Any CPU
		{8ADAEC4E-85F6-4E07-AEFA-6357943868C8}.Release|Any CPU.ActiveCfg = Release|Any CPU
		{8ADAEC4E-85F6-4E07-AEFA-6357943868C8}.Release|Any CPU.Build.0 = Release|Any CPU
	EndGlobalSection
	GlobalSection(SolutionProperties) = preSolution
		HideSolutionNode = FALSE
	EndGlobalSection
	GlobalSection(ExtensibilityGlobals) = postSolution
		SolutionGuid = {63E7345D-C8AD-41A2-8CA7-7175496456FB}
	EndGlobalSection
EndGlobal
